
Microsoft Visual Studio Solution File, Format Version 12.00
# Visual Studio Version 16
VisualStudioVersion = 16.0.31702.278
MinimumVisualStudioVersion = 10.0.40219.1
Project("{2150E333-8FDC-42A3-9474-1A3956D46DE8}") = "Data", "Data", "{5E55BF98-1744-4EA3-95FB-53DD173ABD54}"
EndProject
Project("{FAE04EC0-301F-11D3-BF4B-00C04F79EFBC}") = "BlazaorWebAssembly.Data", "Data\BlazaorWebAssembly.Data\BlazaorWebAssembly.Data.csproj", "{0F7C929A-1AEE-495C-A836-7F9467FB5B8A}"
EndProject
Project("{FAE04EC0-301F-11D3-BF4B-00C04F79EFBC}") = "BlazorWebAssembly.Data.Models", "Data\BlazorWebAssembly.Data.Models\BlazorWebAssembly.Data.Models.csproj", "{F911E1EE-ABEE-4904-A508-342C0EC8CFB9}"
EndProject
Global
	GlobalSection(SolutionConfigurationPlatforms) = preSolution
		Debug|Any CPU = Debug|Any CPU
		Release|Any CPU = Release|Any CPU
	EndGlobalSection
	GlobalSection(ProjectConfigurationPlatforms) = postSolution
		{0F7C929A-1AEE-495C-A836-7F9467FB5B8A}.Debug|Any CPU.ActiveCfg = Debug|Any CPU
		{0F7C929A-1AEE-495C-A836-7F9467FB5B8A}.Debug|Any CPU.Build.0 = Debug|Any CPU
		{0F7C929A-1AEE-495C-A836-7F9467FB5B8A}.Release|Any CPU.ActiveCfg = Release|Any CPU
		{0F7C929A-1AEE-495C-A836-7F9467FB5B8A}.Release|Any CPU.Build.0 = Release|Any CPU
		{F911E1EE-ABEE-4904-A508-342C0EC8CFB9}.Debug|Any CPU.ActiveCfg = Debug|Any CPU
		{F911E1EE-ABEE-4904-A508-342C0EC8CFB9}.Debug|Any CPU.Build.0 = Debug|Any CPU
		{F911E1EE-ABEE-4904-A508-342C0EC8CFB9}.Release|Any CPU.ActiveCfg = Release|Any CPU
		{F911E1EE-ABEE-4904-A508-342C0EC8CFB9}.Release|Any CPU.Build.0 = Release|Any CPU
	EndGlobalSection
	GlobalSection(SolutionProperties) = preSolution
		HideSolutionNode = FALSE
	EndGlobalSection
	GlobalSection(NestedProjects) = preSolution
		{0F7C929A-1AEE-495C-A836-7F9467FB5B8A} = {5E55BF98-1744-4EA3-95FB-53DD173ABD54}
		{F911E1EE-ABEE-4904-A508-342C0EC8CFB9} = {5E55BF98-1744-4EA3-95FB-53DD173ABD54}
	EndGlobalSection
	GlobalSection(ExtensibilityGlobals) = postSolution
		SolutionGuid = {64143DCE-E2C0-4C9C-84A0-2FCF0F8518EC}
	EndGlobalSection
EndGlobal
