
Microsoft Visual Studio Solution File, Format Version 12.00
# Visual Studio Version 17
VisualStudioVersion = 17.0.32112.339
MinimumVisualStudioVersion = 10.0.40219.1
Project("{2150E333-8FDC-42A3-9474-1A3956D46DE8}") = "Data", "Data", "{5E55BF98-1744-4EA3-95FB-53DD173ABD54}"
EndProject
Project("{9A19103F-16F7-4668-BE54-9A1E7A4F7556}") = "BlazorWebAssembly.Data", "Data\BlazaorWebAssembly.Data\BlazorWebAssembly.Data.csproj", "{0F7C929A-1AEE-495C-A836-7F9467FB5B8A}"
EndProject
Project("{9A19103F-16F7-4668-BE54-9A1E7A4F7556}") = "BlazorWebAssembly.Data.Models", "Data\BlazorWebAssembly.Data.Models\BlazorWebAssembly.Data.Models.csproj", "{F911E1EE-ABEE-4904-A508-342C0EC8CFB9}"
EndProject
Project("{2150E333-8FDC-42A3-9474-1A3956D46DE8}") = "Services", "Services", "{2287C6A8-812A-4BD5-A6EA-1F6BF044ECF2}"
EndProject
Project("{9A19103F-16F7-4668-BE54-9A1E7A4F7556}") = "BlazaorWebAssembly.Services", "Services\BlazaorWebAssembly.Services\BlazaorWebAssembly.Services.csproj", "{F054FDBD-ABD2-488F-8595-859E3CF5317B}"
EndProject
Project("{9A19103F-16F7-4668-BE54-9A1E7A4F7556}") = "BlazorWebAssembly.Services.Messaging", "Services\BlazorWebAssembly.Services.Messaging\BlazorWebAssembly.Services.Messaging.csproj", "{C477A9CD-E465-486A-81E9-F9632D49E6F3}"
EndProject
Project("{9A19103F-16F7-4668-BE54-9A1E7A4F7556}") = "BlazorWebAssembly.Services.Mapping", "Services\BlazorWebAssembly.Services.Mapping\BlazorWebAssembly.Services.Mapping.csproj", "{D1E64CF0-0228-4D40-9CAF-7610BDDC23B3}"
EndProject
Project("{9A19103F-16F7-4668-BE54-9A1E7A4F7556}") = "BlazorWebAssembly.Common", "BlazorWebAssembly.Common\BlazorWebAssembly.Common.csproj", "{A8CA6BE1-536B-41A8-B775-C8077AF2A75D}"
EndProject
Project("{2150E333-8FDC-42A3-9474-1A3956D46DE8}") = "Web", "Web", "{16C294A7-48FE-4F32-8A9C-D1824656A62E}"
EndProject
Project("{9A19103F-16F7-4668-BE54-9A1E7A4F7556}") = "BlazorWebAssembly.Web.Server", "Web\BlazorWebAssembly.Web\Server\BlazorWebAssembly.Web.Server.csproj", "{A5339A28-68CB-4058-A7ED-C7788B19E143}"
EndProject
Project("{9A19103F-16F7-4668-BE54-9A1E7A4F7556}") = "BlazorWebAssembly.Web.Client", "Web\BlazorWebAssembly.Web\Client\BlazorWebAssembly.Web.Client.csproj", "{AD670909-54E7-4F9B-80C2-F9F75416DC1F}"
EndProject
Project("{9A19103F-16F7-4668-BE54-9A1E7A4F7556}") = "BlazorWebAssembly.Web.Shared", "Web\BlazorWebAssembly.Web\Shared\BlazorWebAssembly.Web.Shared.csproj", "{79E39517-027D-48BE-9653-6FC25C44EB69}"
EndProject
Global
	GlobalSection(SolutionConfigurationPlatforms) = preSolution
		Debug|Any CPU = Debug|Any CPU
		Release|Any CPU = Release|Any CPU
	EndGlobalSection
	GlobalSection(ProjectConfigurationPlatforms) = postSolution
		{0F7C929A-1AEE-495C-A836-7F9467FB5B8A}.Debug|Any CPU.ActiveCfg = Debug|Any CPU
		{0F7C929A-1AEE-495C-A836-7F9467FB5B8A}.Debug|Any CPU.Build.0 = Debug|Any CPU
		{0F7C929A-1AEE-495C-A836-7F9467FB5B8A}.Release|Any CPU.ActiveCfg = Release|Any CPU
		{0F7C929A-1AEE-495C-A836-7F9467FB5B8A}.Release|Any CPU.Build.0 = Release|Any CPU
		{F911E1EE-ABEE-4904-A508-342C0EC8CFB9}.Debug|Any CPU.ActiveCfg = Debug|Any CPU
		{F911E1EE-ABEE-4904-A508-342C0EC8CFB9}.Debug|Any CPU.Build.0 = Debug|Any CPU
		{F911E1EE-ABEE-4904-A508-342C0EC8CFB9}.Release|Any CPU.ActiveCfg = Release|Any CPU
		{F911E1EE-ABEE-4904-A508-342C0EC8CFB9}.Release|Any CPU.Build.0 = Release|Any CPU
		{F054FDBD-ABD2-488F-8595-859E3CF5317B}.Debug|Any CPU.ActiveCfg = Debug|Any CPU
		{F054FDBD-ABD2-488F-8595-859E3CF5317B}.Debug|Any CPU.Build.0 = Debug|Any CPU
		{F054FDBD-ABD2-488F-8595-859E3CF5317B}.Release|Any CPU.ActiveCfg = Release|Any CPU
		{F054FDBD-ABD2-488F-8595-859E3CF5317B}.Release|Any CPU.Build.0 = Release|Any CPU
		{C477A9CD-E465-486A-81E9-F9632D49E6F3}.Debug|Any CPU.ActiveCfg = Debug|Any CPU
		{C477A9CD-E465-486A-81E9-F9632D49E6F3}.Debug|Any CPU.Build.0 = Debug|Any CPU
		{C477A9CD-E465-486A-81E9-F9632D49E6F3}.Release|Any CPU.ActiveCfg = Release|Any CPU
		{C477A9CD-E465-486A-81E9-F9632D49E6F3}.Release|Any CPU.Build.0 = Release|Any CPU
		{D1E64CF0-0228-4D40-9CAF-7610BDDC23B3}.Debug|Any CPU.ActiveCfg = Debug|Any CPU
		{D1E64CF0-0228-4D40-9CAF-7610BDDC23B3}.Debug|Any CPU.Build.0 = Debug|Any CPU
		{D1E64CF0-0228-4D40-9CAF-7610BDDC23B3}.Release|Any CPU.ActiveCfg = Release|Any CPU
		{D1E64CF0-0228-4D40-9CAF-7610BDDC23B3}.Release|Any CPU.Build.0 = Release|Any CPU
		{A8CA6BE1-536B-41A8-B775-C8077AF2A75D}.Debug|Any CPU.ActiveCfg = Debug|Any CPU
		{A8CA6BE1-536B-41A8-B775-C8077AF2A75D}.Debug|Any CPU.Build.0 = Debug|Any CPU
		{A8CA6BE1-536B-41A8-B775-C8077AF2A75D}.Release|Any CPU.ActiveCfg = Release|Any CPU
		{A8CA6BE1-536B-41A8-B775-C8077AF2A75D}.Release|Any CPU.Build.0 = Release|Any CPU
		{A5339A28-68CB-4058-A7ED-C7788B19E143}.Debug|Any CPU.ActiveCfg = Debug|Any CPU
		{A5339A28-68CB-4058-A7ED-C7788B19E143}.Debug|Any CPU.Build.0 = Debug|Any CPU
		{A5339A28-68CB-4058-A7ED-C7788B19E143}.Release|Any CPU.ActiveCfg = Release|Any CPU
		{A5339A28-68CB-4058-A7ED-C7788B19E143}.Release|Any CPU.Build.0 = Release|Any CPU
		{AD670909-54E7-4F9B-80C2-F9F75416DC1F}.Debug|Any CPU.ActiveCfg = Debug|Any CPU
		{AD670909-54E7-4F9B-80C2-F9F75416DC1F}.Debug|Any CPU.Build.0 = Debug|Any CPU
		{AD670909-54E7-4F9B-80C2-F9F75416DC1F}.Release|Any CPU.ActiveCfg = Release|Any CPU
		{AD670909-54E7-4F9B-80C2-F9F75416DC1F}.Release|Any CPU.Build.0 = Release|Any CPU
		{79E39517-027D-48BE-9653-6FC25C44EB69}.Debug|Any CPU.ActiveCfg = Debug|Any CPU
		{79E39517-027D-48BE-9653-6FC25C44EB69}.Debug|Any CPU.Build.0 = Debug|Any CPU
		{79E39517-027D-48BE-9653-6FC25C44EB69}.Release|Any CPU.ActiveCfg = Release|Any CPU
		{79E39517-027D-48BE-9653-6FC25C44EB69}.Release|Any CPU.Build.0 = Release|Any CPU
	EndGlobalSection
	GlobalSection(SolutionProperties) = preSolution
		HideSolutionNode = FALSE
	EndGlobalSection
	GlobalSection(NestedProjects) = preSolution
		{0F7C929A-1AEE-495C-A836-7F9467FB5B8A} = {5E55BF98-1744-4EA3-95FB-53DD173ABD54}
		{F911E1EE-ABEE-4904-A508-342C0EC8CFB9} = {5E55BF98-1744-4EA3-95FB-53DD173ABD54}
		{F054FDBD-ABD2-488F-8595-859E3CF5317B} = {2287C6A8-812A-4BD5-A6EA-1F6BF044ECF2}
		{C477A9CD-E465-486A-81E9-F9632D49E6F3} = {2287C6A8-812A-4BD5-A6EA-1F6BF044ECF2}
		{D1E64CF0-0228-4D40-9CAF-7610BDDC23B3} = {2287C6A8-812A-4BD5-A6EA-1F6BF044ECF2}
		{A5339A28-68CB-4058-A7ED-C7788B19E143} = {16C294A7-48FE-4F32-8A9C-D1824656A62E}
		{AD670909-54E7-4F9B-80C2-F9F75416DC1F} = {16C294A7-48FE-4F32-8A9C-D1824656A62E}
		{79E39517-027D-48BE-9653-6FC25C44EB69} = {16C294A7-48FE-4F32-8A9C-D1824656A62E}
	EndGlobalSection
	GlobalSection(ExtensibilityGlobals) = postSolution
		SolutionGuid = {64143DCE-E2C0-4C9C-84A0-2FCF0F8518EC}
	EndGlobalSection
EndGlobal
